{
    "name": "ddwrtSmnpToStatsD",
    "version": "1.0.0",
    "lockfileVersion": 2,
    "requires": true,
    "packages": {
        "": {
            "name": "ddwrtSmnpToStatsD",
            "version": "1.0.0",
            "dependencies": {
                "@influxdata/influxdb-client": "^1.14.0",
                "@influxdata/influxdb-client-apis": "^1.14.0",
                "import": "^0.0.6",
                "snmp-native": "^1.2.0"
            }
        },
        "node_modules/@influxdata/influxdb-client": {
            "version": "1.14.0",
            "resolved": "https://registry.npmjs.org/@influxdata/influxdb-client/-/influxdb-client-1.14.0.tgz",
            "integrity": "sha512-q/kC9HD/C4J88Nb5XPO1ULR4bmJembUY39rwtUpGJ3djcBGFBUHTJmKkxgTnHWInehnoD/JUsnfud+XVHZ8Y8w=="
        },
        "node_modules/@influxdata/influxdb-client-apis": {
            "version": "1.14.0",
            "resolved": "https://registry.npmjs.org/@influxdata/influxdb-client-apis/-/influxdb-client-apis-1.14.0.tgz",
            "integrity": "sha512-kkatuAEP211oGWZoFvxhTYsFj3+wYFHOIp/clFeKZxTBrjsUo0iikYqxfs86CgKCXwxjT1cwD52M/nKbm+qDXg==",
            "peerDependencies": {
                "@influxdata/influxdb-client": "*"
            }
        },
        "node_modules/import": {
            "version": "0.0.6",
            "resolved": "https://registry.npmjs.org/import/-/import-0.0.6.tgz",
            "integrity": "sha1-0Ot534aqJnfG22FXilISswMeYEI=",
            "dependencies": {
                "optimist": "0.3.x"
            },
            "bin": {
                "import": "import"
            },
            "engines": {
                "node": ">=0.10.0"
            }
        },
        "node_modules/optimist": {
            "version": "0.3.7",
            "resolved": "https://registry.npmjs.org/optimist/-/optimist-0.3.7.tgz",
            "integrity": "sha1-yQlBrVnkJzMokjB00s8ufLxuwNk=",
            "dependencies": {
                "wordwrap": "~0.0.2"
            }
        },
        "node_modules/snmp-native": {
            "version": "1.2.0",
            "resolved": "https://registry.npmjs.org/snmp-native/-/snmp-native-1.2.0.tgz",
            "integrity": "sha512-JIyuLX3bQmuAI4gHztHSQd3M/M2hqgLhiHBZYEk8YnYRJ2ooxqwON4gUQfgp/WCZVDca4tIX3vFJgv6lz5iY+g=="
        },
        "node_modules/wordwrap": {
            "version": "0.0.3",
            "resolved": "https://registry.npmjs.org/wordwrap/-/wordwrap-0.0.3.tgz",
            "integrity": "sha1-o9XabNXAvAAI03I0u68b7WMFkQc=",
            "engines": {
                "node": ">=0.4.0"
            }
        }
    },
    "dependencies": {
        "@influxdata/influxdb-client": {
            "version": "1.14.0",
            "resolved": "https://registry.npmjs.org/@influxdata/influxdb-client/-/influxdb-client-1.14.0.tgz",
            "integrity": "sha512-q/kC9HD/C4J88Nb5XPO1ULR4bmJembUY39rwtUpGJ3djcBGFBUHTJmKkxgTnHWInehnoD/JUsnfud+XVHZ8Y8w=="
        },
        "@influxdata/influxdb-client-apis": {
            "version": "1.14.0",
            "resolved": "https://registry.npmjs.org/@influxdata/influxdb-client-apis/-/influxdb-client-apis-1.14.0.tgz",
            "integrity": "sha512-kkatuAEP211oGWZoFvxhTYsFj3+wYFHOIp/clFeKZxTBrjsUo0iikYqxfs86CgKCXwxjT1cwD52M/nKbm+qDXg==",
            "requires": {}
        },
        "import": {
            "version": "0.0.6",
            "resolved": "https://registry.npmjs.org/import/-/import-0.0.6.tgz",
            "integrity": "sha1-0Ot534aqJnfG22FXilISswMeYEI=",
            "requires": {
                "optimist": "0.3.x"
            }
        },
        "optimist": {
            "version": "0.3.7",
            "resolved": "https://registry.npmjs.org/optimist/-/optimist-0.3.7.tgz",
            "integrity": "sha1-yQlBrVnkJzMokjB00s8ufLxuwNk=",
            "requires": {
                "wordwrap": "~0.0.2"
            }
        },
        "snmp-native": {
            "version": "1.2.0",
            "resolved": "https://registry.npmjs.org/snmp-native/-/snmp-native-1.2.0.tgz",
            "integrity": "sha512-JIyuLX3bQmuAI4gHztHSQd3M/M2hqgLhiHBZYEk8YnYRJ2ooxqwON4gUQfgp/WCZVDca4tIX3vFJgv6lz5iY+g=="
        },
        "wordwrap": {
            "version": "0.0.3",
            "resolved": "https://registry.npmjs.org/wordwrap/-/wordwrap-0.0.3.tgz",
            "integrity": "sha1-o9XabNXAvAAI03I0u68b7WMFkQc="
        }
    }
}
